
Microsoft Visual Studio Solution File, Format Version 12.00
# Visual Studio Version 17
VisualStudioVersion = 17.5.33530.505
MinimumVisualStudioVersion = 10.0.40219.1
Project("{FAE04EC0-301F-11D3-BF4B-00C04F79EFBC}") = "CrudcoreWithMVC", "CrudcoreWithMVC\CrudcoreWithMVC.csproj", "{FDEBD20B-DCFF-476C-AA22-0C4C7414CC71}"
EndProject
Global
	GlobalSection(SolutionConfigurationPlatforms) = preSolution
		Debug|Any CPU = Debug|Any CPU
		Release|Any CPU = Release|Any CPU
	EndGlobalSection
	GlobalSection(ProjectConfigurationPlatforms) = postSolution
		{FDEBD20B-DCFF-476C-AA22-0C4C7414CC71}.Debug|Any CPU.ActiveCfg = Debug|Any CPU
		{FDEBD20B-DCFF-476C-AA22-0C4C7414CC71}.Debug|Any CPU.Build.0 = Debug|Any CPU
		{FDEBD20B-DCFF-476C-AA22-0C4C7414CC71}.Release|Any CPU.ActiveCfg = Release|Any CPU
		{FDEBD20B-DCFF-476C-AA22-0C4C7414CC71}.Release|Any CPU.Build.0 = Release|Any CPU
	EndGlobalSection
	GlobalSection(SolutionProperties) = preSolution
		HideSolutionNode = FALSE
	EndGlobalSection
	GlobalSection(ExtensibilityGlobals) = postSolution
		SolutionGuid = {503EEA9A-66DE-4581-B66C-8A614937BB9F}
	EndGlobalSection
EndGlobal
